// !$*UTF8*$!
{
	archiveVersion = 1;
	classes = {
	};
	objectVersion = 50;
	objects = {

/* Begin PBXBuildFile section */
		B3239DAB242E67C800E26626 /* AppDelegate.swift in Sources */ = {isa = PBXBuildFile; fileRef = B3239DAA242E67C800E26626 /* AppDelegate.swift */; };
		B3239DAD242E67C800E26626 /* SceneDelegate.swift in Sources */ = {isa = PBXBuildFile; fileRef = B3239DAC242E67C800E26626 /* SceneDelegate.swift */; };
		B3239DAF242E67C800E26626 /* ContentView.swift in Sources */ = {isa = PBXBuildFile; fileRef = B3239DAE242E67C800E26626 /* ContentView.swift */; };
		B3239DB1242E67CA00E26626 /* Assets.xcassets in Resources */ = {isa = PBXBuildFile; fileRef = B3239DB0242E67CA00E26626 /* Assets.xcassets */; };
		B3239DB4242E67CA00E26626 /* Preview Assets.xcassets in Resources */ = {isa = PBXBuildFile; fileRef = B3239DB3242E67CA00E26626 /* Preview Assets.xcassets */; };
		B3239DB7242E67CA00E26626 /* LaunchScreen.storyboard in Resources */ = {isa = PBXBuildFile; fileRef = B3239DB5242E67CA00E26626 /* LaunchScreen.storyboard */; };
		B3239DC3242E89AA00E26626 /* CustomInputField.swift in Sources */ = {isa = PBXBuildFile; fileRef = B3239DC2242E89AA00E26626 /* CustomInputField.swift */; };
		B3239DC5242E8C2300E26626 /* StockManager.swift in Sources */ = {isa = PBXBuildFile; fileRef = B3239DC4242E8C2300E26626 /* StockManager.swift */; };
		B3239DC7242E8C6900E26626 /* Stock.swift in Sources */ = {isa = PBXBuildFile; fileRef = B3239DC6242E8C6900E26626 /* Stock.swift */; };
		B3239DCA242ED54800E26626 /* StockModel.swift in Sources */ = {isa = PBXBuildFile; fileRef = B3239DC9242ED54800E26626 /* StockModel.swift */; };
/* End PBXBuildFile section */

/* Begin PBXFileReference section */
		B3239DA7242E67C800E26626 /* ReStock.app */ = {isa = PBXFileReference; explicitFileType = wrapper.application; includeInIndex = 0; path = ReStock.app; sourceTree = BUILT_PRODUCTS_DIR; };
		B3239DAA242E67C800E26626 /* AppDelegate.swift */ = {isa = PBXFileReference; lastKnownFileType = sourcecode.swift; path = AppDelegate.swift; sourceTree = "<group>"; };
		B3239DAC242E67C800E26626 /* SceneDelegate.swift */ = {isa = PBXFileReference; lastKnownFileType = sourcecode.swift; path = SceneDelegate.swift; sourceTree = "<group>"; };
		B3239DAE242E67C800E26626 /* ContentView.swift */ = {isa = PBXFileReference; lastKnownFileType = sourcecode.swift; path = ContentView.swift; sourceTree = "<group>"; };
		B3239DB0242E67CA00E26626 /* Assets.xcassets */ = {isa = PBXFileReference; lastKnownFileType = folder.assetcatalog; path = Assets.xcassets; sourceTree = "<group>"; };
		B3239DB3242E67CA00E26626 /* Preview Assets.xcassets */ = {isa = PBXFileReference; lastKnownFileType = folder.assetcatalog; path = "Preview Assets.xcassets"; sourceTree = "<group>"; };
		B3239DB6242E67CA00E26626 /* Base */ = {isa = PBXFileReference; lastKnownFileType = file.storyboard; name = Base; path = Base.lproj/LaunchScreen.storyboard; sourceTree = "<group>"; };
		B3239DB8242E67CA00E26626 /* Info.plist */ = {isa = PBXFileReference; lastKnownFileType = text.plist.xml; path = Info.plist; sourceTree = "<group>"; };
		B3239DC2242E89AA00E26626 /* CustomInputField.swift */ = {isa = PBXFileReference; lastKnownFileType = sourcecode.swift; path = CustomInputField.swift; sourceTree = "<group>"; };
		B3239DC4242E8C2300E26626 /* StockManager.swift */ = {isa = PBXFileReference; lastKnownFileType = sourcecode.swift; path = StockManager.swift; sourceTree = "<group>"; };
		B3239DC6242E8C6900E26626 /* Stock.swift */ = {isa = PBXFileReference; lastKnownFileType = sourcecode.swift; path = Stock.swift; sourceTree = "<group>"; };
		B3239DC8242E90EA00E26626 /* ReStock.entitlements */ = {isa = PBXFileReference; lastKnownFileType = text.plist.entitlements; path = ReStock.entitlements; sourceTree = "<group>"; };
		B3239DC9242ED54800E26626 /* StockModel.swift */ = {isa = PBXFileReference; lastKnownFileType = sourcecode.swift; path = StockModel.swift; sourceTree = "<group>"; };
/* End PBXFileReference section */

/* Begin PBXFrameworksBuildPhase section */
		B3239DA4242E67C800E26626 /* Frameworks */ = {
			isa = PBXFrameworksBuildPhase;
			buildActionMask = 2147483647;
			files = (
			);
			runOnlyForDeploymentPostprocessing = 0;
		};
/* End PBXFrameworksBuildPhase section */

/* Begin PBXGroup section */
		B3239D9E242E67C800E26626 = {
			isa = PBXGroup;
			children = (
				B3239DCB242FA02700E26626 /* Views */,
				B3239DC1242E899200E26626 /* Components */,
				B3239DBE242E708100E26626 /* Models */,
				B3239DA9242E67C800E26626 /* ReStock */,
				B3239DA8242E67C800E26626 /* Products */,
			);
			sourceTree = "<group>";
		};
		B3239DA8242E67C800E26626 /* Products */ = {
			isa = PBXGroup;
			children = (
				B3239DA7242E67C800E26626 /* ReStock.app */,
			);
			name = Products;
			sourceTree = "<group>";
		};
		B3239DA9242E67C800E26626 /* ReStock */ = {
			isa = PBXGroup;
			children = (
				B3239DC8242E90EA00E26626 /* ReStock.entitlements */,
				B3239DAA242E67C800E26626 /* AppDelegate.swift */,
				B3239DAC242E67C800E26626 /* SceneDelegate.swift */,
				B3239DB0242E67CA00E26626 /* Assets.xcassets */,
				B3239DB5242E67CA00E26626 /* LaunchScreen.storyboard */,
				B3239DB8242E67CA00E26626 /* Info.plist */,
				B3239DB2242E67CA00E26626 /* Preview Content */,
			);
			path = ReStock;
			sourceTree = "<group>";
		};
		B3239DB2242E67CA00E26626 /* Preview Content */ = {
			isa = PBXGroup;
			children = (
				B3239DB3242E67CA00E26626 /* Preview Assets.xcassets */,
			);
			path = "Preview Content";
			sourceTree = "<group>";
		};
		B3239DBE242E708100E26626 /* Models */ = {
			isa = PBXGroup;
			children = (
				B3239DC4242E8C2300E26626 /* StockManager.swift */,
				B3239DC6242E8C6900E26626 /* Stock.swift */,
				B3239DC9242ED54800E26626 /* StockModel.swift */,
			);
			path = Models;
			sourceTree = "<group>";
		};
		B3239DC1242E899200E26626 /* Components */ = {
			isa = PBXGroup;
			children = (
				B3239DC2242E89AA00E26626 /* CustomInputField.swift */,
			);
			path = Components;
			sourceTree = "<group>";
		};
		B3239DCB242FA02700E26626 /* Views */ = {
			isa = PBXGroup;
			children = (
				B3239DAE242E67C800E26626 /* ContentView.swift */,
			);
			path = Views;
			sourceTree = "<group>";
		};
/* End PBXGroup section */

/* Begin PBXNativeTarget section */
		B3239DA6242E67C800E26626 /* ReStock */ = {
			isa = PBXNativeTarget;
			buildConfigurationList = B3239DBB242E67CA00E26626 /* Build configuration list for PBXNativeTarget "ReStock" */;
			buildPhases = (
				B3239DA3242E67C800E26626 /* Sources */,
				B3239DA4242E67C800E26626 /* Frameworks */,
				B3239DA5242E67C800E26626 /* Resources */,
			);
			buildRules = (
			);
			dependencies = (
			);
			name = ReStock;
			productName = ReStock;
			productReference = B3239DA7242E67C800E26626 /* ReStock.app */;
			productType = "com.apple.product-type.application";
		};
/* End PBXNativeTarget section */

/* Begin PBXProject section */
		B3239D9F242E67C800E26626 /* Project object */ = {
			isa = PBXProject;
			attributes = {
				LastSwiftUpdateCheck = 1130;
				LastUpgradeCheck = 1130;
				ORGANIZATIONNAME = "Sevan Golnazarian";
				TargetAttributes = {
					B3239DA6242E67C800E26626 = {
						CreatedOnToolsVersion = 11.3.1;
					};
				};
			};
			buildConfigurationList = B3239DA2242E67C800E26626 /* Build configuration list for PBXProject "ReStock" */;
			compatibilityVersion = "Xcode 9.3";
			developmentRegion = en;
			hasScannedForEncodings = 0;
			knownRegions = (
				en,
				Base,
			);
			mainGroup = B3239D9E242E67C800E26626;
			productRefGroup = B3239DA8242E67C800E26626 /* Products */;
			projectDirPath = "";
			projectRoot = "";
			targets = (
				B3239DA6242E67C800E26626 /* ReStock */,
			);
		};
/* End PBXProject section */

/* Begin PBXResourcesBuildPhase section */
		B3239DA5242E67C800E26626 /* Resources */ = {
			isa = PBXResourcesBuildPhase;
			buildActionMask = 2147483647;
			files = (
				B3239DB7242E67CA00E26626 /* LaunchScreen.storyboard in Resources */,
				B3239DB4242E67CA00E26626 /* Preview Assets.xcassets in Resources */,
				B3239DB1242E67CA00E26626 /* Assets.xcassets in Resources */,
			);
			runOnlyForDeploymentPostprocessing = 0;
		};
/* End PBXResourcesBuildPhase section */

/* Begin PBXSourcesBuildPhase section */
		B3239DA3242E67C800E26626 /* Sources */ = {
			isa = PBXSourcesBuildPhase;
			buildActionMask = 2147483647;
			files = (
				B3239DAB242E67C800E26626 /* AppDelegate.swift in Sources */,
				B3239DC3242E89AA00E26626 /* CustomInputField.swift in Sources */,
				B3239DCA242ED54800E26626 /* StockModel.swift in Sources */,
				B3239DC7242E8C6900E26626 /* Stock.swift in Sources */,
				B3239DC5242E8C2300E26626 /* StockManager.swift in Sources */,
				B3239DAD242E67C800E26626 /* SceneDelegate.swift in Sources */,
				B3239DAF242E67C800E26626 /* ContentView.swift in Sources */,
			);
			runOnlyForDeploymentPostprocessing = 0;
		};
/* End PBXSourcesBuildPhase section */

/* Begin PBXVariantGroup section */
		B3239DB5242E67CA00E26626 /* LaunchScreen.storyboard */ = {
			isa = PBXVariantGroup;
			children = (
				B3239DB6242E67CA00E26626 /* Base */,
			);
			name = LaunchScreen.storyboard;
			sourceTree = "<group>";
		};
/* End PBXVariantGroup section */

/* Begin XCBuildConfiguration section */
		B3239DB9242E67CA00E26626 /* Debug */ = {
			isa = XCBuildConfiguration;
			buildSettings = {
				ALWAYS_SEARCH_USER_PATHS = NO;
				CLANG_ANALYZER_NONNULL = YES;
				CLANG_ANALYZER_NUMBER_OBJECT_CONVERSION = YES_AGGRESSIVE;
				CLANG_CXX_LANGUAGE_STANDARD = "gnu++14";
				CLANG_CXX_LIBRARY = "libc++";
				CLANG_ENABLE_MODULES = YES;
				CLANG_ENABLE_OBJC_ARC = YES;
				CLANG_ENABLE_OBJC_WEAK = YES;
				CLANG_WARN_BLOCK_CAPTURE_AUTORELEASING = YES;
				CLANG_WARN_BOOL_CONVERSION = YES;
				CLANG_WARN_COMMA = YES;
				CLANG_WARN_CONSTANT_CONVERSION = YES;
				CLANG_WARN_DEPRECATED_OBJC_IMPLEMENTATIONS = YES;
				CLANG_WARN_DIRECT_OBJC_ISA_USAGE = YES_ERROR;
				CLANG_WARN_DOCUMENTATION_COMMENTS = YES;
				CLANG_WARN_EMPTY_BODY = YES;
				CLANG_WARN_ENUM_CONVERSION = YES;
				CLANG_WARN_INFINITE_RECURSION = YES;
				CLANG_WARN_INT_CONVERSION = YES;
				CLANG_WARN_NON_LITERAL_NULL_CONVERSION = YES;
				CLANG_WARN_OBJC_IMPLICIT_RETAIN_SELF = YES;
				CLANG_WARN_OBJC_LITERAL_CONVERSION = YES;
				CLANG_WARN_OBJC_ROOT_CLASS = YES_ERROR;
				CLANG_WARN_RANGE_LOOP_ANALYSIS = YES;
				CLANG_WARN_STRICT_PROTOTYPES = YES;
				CLANG_WARN_SUSPICIOUS_MOVE = YES;
				CLANG_WARN_UNGUARDED_AVAILABILITY = YES_AGGRESSIVE;
				CLANG_WARN_UNREACHABLE_CODE = YES;
				CLANG_WARN__DUPLICATE_METHOD_MATCH = YES;
				COPY_PHASE_STRIP = NO;
				DEBUG_INFORMATION_FORMAT = dwarf;
				ENABLE_STRICT_OBJC_MSGSEND = YES;
				ENABLE_TESTABILITY = YES;
				GCC_C_LANGUAGE_STANDARD = gnu11;
				GCC_DYNAMIC_NO_PIC = NO;
				GCC_NO_COMMON_BLOCKS = YES;
				GCC_OPTIMIZATION_LEVEL = 0;
				GCC_PREPROCESSOR_DEFINITIONS = (
					"DEBUG=1",
					"$(inherited)",
				);
				GCC_WARN_64_TO_32_BIT_CONVERSION = YES;
				GCC_WARN_ABOUT_RETURN_TYPE = YES_ERROR;
				GCC_WARN_UNDECLARED_SELECTOR = YES;
				GCC_WARN_UNINITIALIZED_AUTOS = YES_AGGRESSIVE;
				GCC_WARN_UNUSED_FUNCTION = YES;
				GCC_WARN_UNUSED_VARIABLE = YES;
				IPHONEOS_DEPLOYMENT_TARGET = 13.2;
				MTL_ENABLE_DEBUG_INFO = INCLUDE_SOURCE;
				MTL_FAST_MATH = YES;
				ONLY_ACTIVE_ARCH = YES;
				SDKROOT = iphoneos;
				SWIFT_ACTIVE_COMPILATION_CONDITIONS = DEBUG;
				SWIFT_OPTIMIZATION_LEVEL = "-Onone";
			};
			name = Debug;
		};
		B3239DBA242E67CA00E26626 /* Release */ = {
			isa = XCBuildConfiguration;
			buildSettings = {
				ALWAYS_SEARCH_USER_PATHS = NO;
				CLANG_ANALYZER_NONNULL = YES;
				CLANG_ANALYZER_NUMBER_OBJECT_CONVERSION = YES_AGGRESSIVE;
				CLANG_CXX_LANGUAGE_STANDARD = "gnu++14";
				CLANG_CXX_LIBRARY = "libc++";
				CLANG_ENABLE_MODULES = YES;
				CLANG_ENABLE_OBJC_ARC = YES;
				CLANG_ENABLE_OBJC_WEAK = YES;
				CLANG_WARN_BLOCK_CAPTURE_AUTORELEASING = YES;
				CLANG_WARN_BOOL_CONVERSION = YES;
				CLANG_WARN_COMMA = YES;
				CLANG_WARN_CONSTANT_CONVERSION = YES;
				CLANG_WARN_DEPRECATED_OBJC_IMPLEMENTATIONS = YES;
				CLANG_WARN_DIRECT_OBJC_ISA_USAGE = YES_ERROR;
				CLANG_WARN_DOCUMENTATION_COMMENTS = YES;
				CLANG_WARN_EMPTY_BODY = YES;
				CLANG_WARN_ENUM_CONVERSION = YES;
				CLANG_WARN_INFINITE_RECURSION = YES;
				CLANG_WARN_INT_CONVERSION = YES;
				CLANG_WARN_NON_LITERAL_NULL_CONVERSION = YES;
				CLANG_WARN_OBJC_IMPLICIT_RETAIN_SELF = YES;
				CLANG_WARN_OBJC_LITERAL_CONVERSION = YES;
				CLANG_WARN_OBJC_ROOT_CLASS = YES_ERROR;
				CLANG_WARN_RANGE_LOOP_ANALYSIS = YES;
				CLANG_WARN_STRICT_PROTOTYPES = YES;
				CLANG_WARN_SUSPICIOUS_MOVE = YES;
				CLANG_WARN_UNGUARDED_AVAILABILITY = YES_AGGRESSIVE;
				CLANG_WARN_UNREACHABLE_CODE = YES;
				CLANG_WARN__DUPLICATE_METHOD_MATCH = YES;
				COPY_PHASE_STRIP = NO;
				DEBUG_INFORMATION_FORMAT = "dwarf-with-dsym";
				ENABLE_NS_ASSERTIONS = NO;
				ENABLE_STRICT_OBJC_MSGSEND = YES;
				GCC_C_LANGUAGE_STANDARD = gnu11;
				GCC_NO_COMMON_BLOCKS = YES;
				GCC_WARN_64_TO_32_BIT_CONVERSION = YES;
				GCC_WARN_ABOUT_RETURN_TYPE = YES_ERROR;
				GCC_WARN_UNDECLARED_SELECTOR = YES;
				GCC_WARN_UNINITIALIZED_AUTOS = YES_AGGRESSIVE;
				GCC_WARN_UNUSED_FUNCTION = YES;
				GCC_WARN_UNUSED_VARIABLE = YES;
				IPHONEOS_DEPLOYMENT_TARGET = 13.2;
				MTL_ENABLE_DEBUG_INFO = NO;
				MTL_FAST_MATH = YES;
				SDKROOT = iphoneos;
				SWIFT_COMPILATION_MODE = wholemodule;
				SWIFT_OPTIMIZATION_LEVEL = "-O";
				VALIDATE_PRODUCT = YES;
			};
			name = Release;
		};
		B3239DBC242E67CA00E26626 /* Debug */ = {
			isa = XCBuildConfiguration;
			buildSettings = {
				ASSETCATALOG_COMPILER_APPICON_NAME = AppIcon;
				CODE_SIGN_ENTITLEMENTS = ReStock/ReStock.entitlements;
				CODE_SIGN_STYLE = Automatic;
				DERIVE_MACCATALYST_PRODUCT_BUNDLE_IDENTIFIER = YES;
				DEVELOPMENT_ASSET_PATHS = "\"ReStock/Preview Content\"";
				DEVELOPMENT_TEAM = 86R9KVJJ27;
				ENABLE_PREVIEWS = YES;
				INFOPLIST_FILE = ReStock/Info.plist;
				LD_RUNPATH_SEARCH_PATHS = (
					"$(inherited)",
					"@executable_path/Frameworks",
				);
				PRODUCT_BUNDLE_IDENTIFIER = com.sevanbadal.ReStock;
				PRODUCT_NAME = "$(TARGET_NAME)";
				SUPPORTS_MACCATALYST = YES;
				SWIFT_VERSION = 5.0;
				TARGETED_DEVICE_FAMILY = "1,2";
			};
			name = Debug;
		};
		B3239DBD242E67CA00E26626 /* Release */ = {
			isa = XCBuildConfiguration;
			buildSettings = {
				ASSETCATALOG_COMPILER_APPICON_NAME = AppIcon;
				CODE_SIGN_ENTITLEMENTS = ReStock/ReStock.entitlements;
				CODE_SIGN_STYLE = Automatic;
				DERIVE_MACCATALYST_PRODUCT_BUNDLE_IDENTIFIER = YES;
				DEVELOPMENT_ASSET_PATHS = "\"ReStock/Preview Content\"";
				DEVELOPMENT_TEAM = 86R9KVJJ27;
				ENABLE_PREVIEWS = YES;
				INFOPLIST_FILE = ReStock/Info.plist;
				LD_RUNPATH_SEARCH_PATHS = (
					"$(inherited)",
					"@executable_path/Frameworks",
				);
				PRODUCT_BUNDLE_IDENTIFIER = com.sevanbadal.ReStock;
				PRODUCT_NAME = "$(TARGET_NAME)";
				SUPPORTS_MACCATALYST = YES;
				SWIFT_VERSION = 5.0;
				TARGETED_DEVICE_FAMILY = "1,2";
			};
			name = Release;
		};
/* End XCBuildConfiguration section */

/* Begin XCConfigurationList section */
		B3239DA2242E67C800E26626 /* Build configuration list for PBXProject "ReStock" */ = {
			isa = XCConfigurationList;
			buildConfigurations = (
				B3239DB9242E67CA00E26626 /* Debug */,
				B3239DBA242E67CA00E26626 /* Release */,
			);
			defaultConfigurationIsVisible = 0;
			defaultConfigurationName = Release;
		};
		B3239DBB242E67CA00E26626 /* Build configuration list for PBXNativeTarget "ReStock" */ = {
			isa = XCConfigurationList;
			buildConfigurations = (
				B3239DBC242E67CA00E26626 /* Debug */,
				B3239DBD242E67CA00E26626 /* Release */,
			);
			defaultConfigurationIsVisible = 0;
			defaultConfigurationName = Release;
		};
/* End XCConfigurationList section */
	};
	rootObject = B3239D9F242E67C800E26626 /* Project object */;
}
